
Microsoft Visual Studio Solution File, Format Version 12.00
# Visual Studio 15
Project("{FAE04EC0-301F-11D3-BF4B-00C04F79EFBC}") = "Simpsons_Quote", "Simpsons_Quote\Simpsons_Quote.csproj", "{7142B1A4-233F-4ADF-8CCA-9C53D9161815}"
EndProject
Global
	GlobalSection(SolutionConfigurationPlatforms) = preSolution
		Debug|Any CPU = Debug|Any CPU
		Release|Any CPU = Release|Any CPU
	EndGlobalSection
	GlobalSection(ProjectConfigurationPlatforms) = postSolution
		{7142B1A4-233F-4ADF-8CCA-9C53D9161815}.Debug|Any CPU.ActiveCfg = Debug|Any CPU
		{7142B1A4-233F-4ADF-8CCA-9C53D9161815}.Debug|Any CPU.Build.0 = Debug|Any CPU
		{7142B1A4-233F-4ADF-8CCA-9C53D9161815}.Release|Any CPU.ActiveCfg = Release|Any CPU
		{7142B1A4-233F-4ADF-8CCA-9C53D9161815}.Release|Any CPU.Build.0 = Release|Any CPU
	EndGlobalSection
EndGlobal
